
Microsoft Visual Studio Solution File, Format Version 12.00
# Visual Studio Version 16
VisualStudioVersion = 16.0.31702.278
MinimumVisualStudioVersion = 10.0.40219.1
Project("{FAE04EC0-301F-11D3-BF4B-00C04F79EFBC}") = "GruppNrSexAPI", "GruppNrSexAPI.csproj", "{1E2338AA-C24B-42FA-A035-051FF6EC77FD}"
EndProject
Global
	GlobalSection(SolutionConfigurationPlatforms) = preSolution
		Debug|Any CPU = Debug|Any CPU
		Release|Any CPU = Release|Any CPU
	EndGlobalSection
	GlobalSection(ProjectConfigurationPlatforms) = postSolution
		{1E2338AA-C24B-42FA-A035-051FF6EC77FD}.Debug|Any CPU.ActiveCfg = Debug|Any CPU
		{1E2338AA-C24B-42FA-A035-051FF6EC77FD}.Debug|Any CPU.Build.0 = Debug|Any CPU
		{1E2338AA-C24B-42FA-A035-051FF6EC77FD}.Release|Any CPU.ActiveCfg = Release|Any CPU
		{1E2338AA-C24B-42FA-A035-051FF6EC77FD}.Release|Any CPU.Build.0 = Release|Any CPU
	EndGlobalSection
	GlobalSection(SolutionProperties) = preSolution
		HideSolutionNode = FALSE
	EndGlobalSection
	GlobalSection(ExtensibilityGlobals) = postSolution
		SolutionGuid = {1020B345-100A-4D0F-87E2-4E3519DD6580}
	EndGlobalSection
EndGlobal
